<?xml version="1.0" encoding="utf-8"?>
<Project ToolsVersion="4.0" xmlns="http://schemas.microsoft.com/developer/msbuild/2003">
  <ItemGroup>
    <Filter Include="Source Files">
      <UniqueIdentifier>{4FC737F1-C7A5-4376-A066-2A32D752A2FF}</UniqueIdentifier>
      <Extensions>cpp;c;cc;cxx;def;odl;idl;hpj;bat;asm;asmx</Extensions>
    </Filter>
    <Filter Include="Header Files">
      <UniqueIdentifier>{93995380-89BD-4b04-88EB-625FBE52EBFB}</UniqueIdentifier>
      <Extensions>h;hh;hpp;hxx;hm;inl;inc;ipp;xsd</Extensions>
    </Filter>
    <Filter Include="Resource Files">
      <UniqueIdentifier>{67DA6AB6-F800-4c08-8B7A-83BB121AAD01}</UniqueIdentifier>
      <Extensions>rc;ico;cur;bmp;dlg;rc2;rct;bin;rgs;gif;jpg;jpeg;jpe;resx;tiff;tif;png;wav;mfcribbon-ms</Extensions>
    </Filter>
  </ItemGroup>
  <ItemGroup>
    <ClCompile Include="OA.cpp">
      <Filter>Source Files</Filter>
    </ClCompile>
    <ClCompile Include="TreasureIslandI.cpp">
      <Filter>Source Files</Filter>
    </ClCompile>
    <ClCompile Include="TreasureIslandII.cpp">
      <Filter>Source Files</Filter>
    </ClCompile>
    <ClCompile Include="ReorderLog.cpp">
      <Filter>Source Files</Filter>
    </ClCompile>
    <ClCompile Include="ZombieInfection.cpp">
      <Filter>Source Files</Filter>
    </ClCompile>
    <ClCompile Include="SearchMatrix.cpp">
      <Filter>Source Files</Filter>
    </ClCompile>
    <ClCompile Include="FavoriteGenres.cpp">
      <Filter>Source Files</Filter>
    </ClCompile>
    <ClCompile Include="ConnectRopes.cpp">
      <Filter>Source Files</Filter>
    </ClCompile>
    <ClCompile Include="MoviesOnFlight.cpp">
      <Filter>Source Files</Filter>
    </ClCompile>
    <ClCompile Include="KNearestPostOffices.cpp">
      <Filter>Source Files</Filter>
    </ClCompile>
    <ClCompile Include="MostCommonWords.cpp">
      <Filter>Source Files</Filter>
    </ClCompile>
    <ClCompile Include="SubtreeWithMaxAvg.cpp">
      <Filter>Source Files</Filter>
    </ClCompile>
    <ClCompile Include="PointofLattice.cpp">
      <Filter>Source Files</Filter>
    </ClCompile>
    <ClCompile Include="PartitionLabels.cpp">
      <Filter>Source Files</Filter>
    </ClCompile>
    <ClCompile Include="RollDice.cpp">
      <Filter>Source Files</Filter>
    </ClCompile>
    <ClCompile Include="MinCost.cpp">
      <Filter>Source Files</Filter>
    </ClCompile>
    <ClCompile Include="RepairEdges.cpp">
      <Filter>Source Files</Filter>
    </ClCompile>
    <ClCompile Include="OptimalUtilization.cpp">
      <Filter>Source Files</Filter>
    </ClCompile>
    <ClCompile Include="Subtree.cpp">
      <Filter>Source Files</Filter>
    </ClCompile>
    <ClCompile Include="KDistinctChar.cpp">
      <Filter>Source Files</Filter>
    </ClCompile>
    <ClCompile Include="MergeIntervals.cpp">
      <Filter>Source Files</Filter>
    </ClCompile>
    <ClCompile Include="MinDiscount.cpp">
      <Filter>Source Files</Filter>
    </ClCompile>
  </ItemGroup>
  <ItemGroup>
    <ClInclude Include="TreasureIslandI.h">
      <Filter>Header Files</Filter>
    </ClInclude>
    <ClInclude Include="TreasureIslandII.h">
      <Filter>Header Files</Filter>
    </ClInclude>
    <ClInclude Include="ReorderLog.h">
      <Filter>Header Files</Filter>
    </ClInclude>
    <ClInclude Include="ZombieInfection.h">
      <Filter>Header Files</Filter>
    </ClInclude>
    <ClInclude Include="SearchMatrix.h">
      <Filter>Header Files</Filter>
    </ClInclude>
    <ClInclude Include="FavoriteGenres.h">
      <Filter>Header Files</Filter>
    </ClInclude>
    <ClInclude Include="ConnectRopes.h">
      <Filter>Header Files</Filter>
    </ClInclude>
    <ClInclude Include="MoviesOnFlight.h">
      <Filter>Header Files</Filter>
    </ClInclude>
    <ClInclude Include="KNearestPostOffices.h">
      <Filter>Header Files</Filter>
    </ClInclude>
    <ClInclude Include="MostCommonWords.h">
      <Filter>Header Files</Filter>
    </ClInclude>
    <ClInclude Include="SubtreeWithMaxAvg.h">
      <Filter>Header Files</Filter>
    </ClInclude>
    <ClInclude Include="PointofLattice.h">
      <Filter>Header Files</Filter>
    </ClInclude>
    <ClInclude Include="PartitionLabels.h">
      <Filter>Header Files</Filter>
    </ClInclude>
    <ClInclude Include="RollDice.h">
      <Filter>Header Files</Filter>
    </ClInclude>
    <ClInclude Include="MinCost.h">
      <Filter>Header Files</Filter>
    </ClInclude>
    <ClInclude Include="RepairEdges.h">
      <Filter>Header Files</Filter>
    </ClInclude>
    <ClInclude Include="OptimalUtilization.h">
      <Filter>Header Files</Filter>
    </ClInclude>
    <ClInclude Include="Subtree.h">
      <Filter>Header Files</Filter>
    </ClInclude>
    <ClInclude Include="KDistinctChar.h">
      <Filter>Header Files</Filter>
    </ClInclude>
    <ClInclude Include="MergeIntervals.h">
      <Filter>Header Files</Filter>
    </ClInclude>
    <ClInclude Include="MinDiscount.h">
      <Filter>Header Files</Filter>
    </ClInclude>
  </ItemGroup>
</Project>